DEPENDENCIES
  app_role
    path: cookbooks/app_role
  service_role
    path: cookbooks/service_role
  smartstack
    git: git://github.com/airbnb/smartstack-cookbook.git
    revision: 55f211452f484355ef71009649bf102a06808e1d
    ref: v0.6.0
  zookeeper
    git: git://github.com/SimpleFinance/chef-zookeeper.git
    revision: 17ee02b4f4c16d338bfc42260762e54b2b612ba3
    ref: 2.1.0
  zookeeper_role
    path: cookbooks/zookeeper_role

GRAPH
  app_role (0.0.1)
    smartstack (>= 0.0.0)
  build-essential (2.0.4)
  java (1.22.0)
  ruby (0.9.2)
  runit (1.5.10)
    build-essential (>= 0.0.0)
    yum (~> 3.0)
    yum-epel (>= 0.0.0)
  service_role (0.0.1)
    app_role (>= 0.0.0)
  smartstack (0.6.0)
    java (>= 0.0.0)
    ruby (~> 0.9.2)
    runit (>= 1.1.0)
  yum (3.2.2)
  yum-epel (0.3.6)
    yum (~> 3.0)
  zookeeper (2.1.0)
    build-essential (>= 0.0.0)
    java (>= 0.0.0)
    runit (>= 0.0.0)
  zookeeper_role (0.0.1)
    zookeeper (>= 0.0.0)
